
Microsoft Visual Studio Solution File, Format Version 12.00
# Visual Studio Version 17
VisualStudioVersion = 17.5.33424.131
MinimumVisualStudioVersion = 10.0.40219.1
Project("{9A19103F-16F7-4668-BE54-9A1E7A4F7556}") = "Shopping.Client", "Shopping.Client\Shopping.Client.csproj", "{EF35FD4B-E6D7-463E-BF2E-01E2C4193C82}"
EndProject
Project("{FAE04EC0-301F-11D3-BF4B-00C04F79EFBC}") = "Shopping.API", "Shopping.API\Shopping.API.csproj", "{5EE0EF8F-2BF0-4AF6-8D02-FD7225C8D8FB}"
EndProject
Project("{E53339B2-1760-4266-BCC7-CA923CBCF16C}") = "docker-compose", "docker-compose.dcproj", "{F489D551-076D-4B38-A89B-EECD7642E652}"
EndProject
Global
	GlobalSection(SolutionConfigurationPlatforms) = preSolution
		Debug|Any CPU = Debug|Any CPU
		Release|Any CPU = Release|Any CPU
	EndGlobalSection
	GlobalSection(ProjectConfigurationPlatforms) = postSolution
		{EF35FD4B-E6D7-463E-BF2E-01E2C4193C82}.Debug|Any CPU.ActiveCfg = Debug|Any CPU
		{EF35FD4B-E6D7-463E-BF2E-01E2C4193C82}.Debug|Any CPU.Build.0 = Debug|Any CPU
		{EF35FD4B-E6D7-463E-BF2E-01E2C4193C82}.Release|Any CPU.ActiveCfg = Release|Any CPU
		{EF35FD4B-E6D7-463E-BF2E-01E2C4193C82}.Release|Any CPU.Build.0 = Release|Any CPU
		{5EE0EF8F-2BF0-4AF6-8D02-FD7225C8D8FB}.Debug|Any CPU.ActiveCfg = Debug|Any CPU
		{5EE0EF8F-2BF0-4AF6-8D02-FD7225C8D8FB}.Debug|Any CPU.Build.0 = Debug|Any CPU
		{5EE0EF8F-2BF0-4AF6-8D02-FD7225C8D8FB}.Release|Any CPU.ActiveCfg = Release|Any CPU
		{5EE0EF8F-2BF0-4AF6-8D02-FD7225C8D8FB}.Release|Any CPU.Build.0 = Release|Any CPU
		{F489D551-076D-4B38-A89B-EECD7642E652}.Debug|Any CPU.ActiveCfg = Debug|Any CPU
		{F489D551-076D-4B38-A89B-EECD7642E652}.Debug|Any CPU.Build.0 = Debug|Any CPU
		{F489D551-076D-4B38-A89B-EECD7642E652}.Release|Any CPU.ActiveCfg = Release|Any CPU
		{F489D551-076D-4B38-A89B-EECD7642E652}.Release|Any CPU.Build.0 = Release|Any CPU
	EndGlobalSection
	GlobalSection(SolutionProperties) = preSolution
		HideSolutionNode = FALSE
	EndGlobalSection
	GlobalSection(ExtensibilityGlobals) = postSolution
		SolutionGuid = {4A9D1D39-90F4-49BF-A73C-F7137F92120A}
	EndGlobalSection
EndGlobal
